// !$*UTF8*$!
{
	archiveVersion = 1;
	classes = {
	};
	objectVersion = 50;
	objects = {

/* Begin PBXBuildFile section */
		98996E2A264195A5004EDDAA /* AppDelegate.m in Sources */ = {isa = PBXBuildFile; fileRef = 98996E29264195A5004EDDAA /* AppDelegate.m */; };
		98996E2C264195A5004EDDAA /* GameScene.sks in Resources */ = {isa = PBXBuildFile; fileRef = 98996E2B264195A5004EDDAA /* GameScene.sks */; };
		98996E2E264195A5004EDDAA /* Actions.sks in Resources */ = {isa = PBXBuildFile; fileRef = 98996E2D264195A5004EDDAA /* Actions.sks */; };
		98996E31264195A5004EDDAA /* GameScene.m in Sources */ = {isa = PBXBuildFile; fileRef = 98996E30264195A5004EDDAA /* GameScene.m */; };
		98996E34264195A5004EDDAA /* GameViewController.m in Sources */ = {isa = PBXBuildFile; fileRef = 98996E33264195A5004EDDAA /* GameViewController.m */; };
		98996E37264195A5004EDDAA /* Main.storyboard in Resources */ = {isa = PBXBuildFile; fileRef = 98996E35264195A5004EDDAA /* Main.storyboard */; };
		98996E39264195A6004EDDAA /* Assets.xcassets in Resources */ = {isa = PBXBuildFile; fileRef = 98996E38264195A6004EDDAA /* Assets.xcassets */; };
		98996E3C264195A6004EDDAA /* main.m in Sources */ = {isa = PBXBuildFile; fileRef = 98996E3B264195A6004EDDAA /* main.m */; };
		D6146872264250950034921B /* QuestionNode.m in Sources */ = {isa = PBXBuildFile; fileRef = D6146871264250950034921B /* QuestionNode.m */; };
		D6146877264250AE0034921B /* QuestionTree.m in Sources */ = {isa = PBXBuildFile; fileRef = D6146876264250AE0034921B /* QuestionTree.m */; };
		D614687C264250C30034921B /* gameRunner.m in Sources */ = {isa = PBXBuildFile; fileRef = D614687B264250C30034921B /* gameRunner.m */; };
/* End PBXBuildFile section */

/* Begin PBXFileReference section */
		98996E25264195A5004EDDAA /* Questions21Game.app */ = {isa = PBXFileReference; explicitFileType = wrapper.application; includeInIndex = 0; path = Questions21Game.app; sourceTree = BUILT_PRODUCTS_DIR; };
		98996E28264195A5004EDDAA /* AppDelegate.h */ = {isa = PBXFileReference; lastKnownFileType = sourcecode.c.h; path = AppDelegate.h; sourceTree = "<group>"; };
		98996E29264195A5004EDDAA /* AppDelegate.m */ = {isa = PBXFileReference; lastKnownFileType = sourcecode.c.objc; path = AppDelegate.m; sourceTree = "<group>"; };
		98996E2B264195A5004EDDAA /* GameScene.sks */ = {isa = PBXFileReference; lastKnownFileType = file.sks; path = GameScene.sks; sourceTree = "<group>"; };
		98996E2D264195A5004EDDAA /* Actions.sks */ = {isa = PBXFileReference; lastKnownFileType = file.sks; path = Actions.sks; sourceTree = "<group>"; };
		98996E2F264195A5004EDDAA /* GameScene.h */ = {isa = PBXFileReference; lastKnownFileType = sourcecode.c.h; path = GameScene.h; sourceTree = "<group>"; };
		98996E30264195A5004EDDAA /* GameScene.m */ = {isa = PBXFileReference; lastKnownFileType = sourcecode.c.objc; path = GameScene.m; sourceTree = "<group>"; };
		98996E32264195A5004EDDAA /* GameViewController.h */ = {isa = PBXFileReference; lastKnownFileType = sourcecode.c.h; path = GameViewController.h; sourceTree = "<group>"; };
		98996E33264195A5004EDDAA /* GameViewController.m */ = {isa = PBXFileReference; lastKnownFileType = sourcecode.c.objc; path = GameViewController.m; sourceTree = "<group>"; };
		98996E36264195A5004EDDAA /* Base */ = {isa = PBXFileReference; lastKnownFileType = file.storyboard; name = Base; path = Base.lproj/Main.storyboard; sourceTree = "<group>"; };
		98996E38264195A6004EDDAA /* Assets.xcassets */ = {isa = PBXFileReference; lastKnownFileType = folder.assetcatalog; path = Assets.xcassets; sourceTree = "<group>"; };
		98996E3A264195A6004EDDAA /* Info.plist */ = {isa = PBXFileReference; lastKnownFileType = text.plist.xml; path = Info.plist; sourceTree = "<group>"; };
		98996E3B264195A6004EDDAA /* main.m */ = {isa = PBXFileReference; lastKnownFileType = sourcecode.c.objc; path = main.m; sourceTree = "<group>"; };
		D6146870264250850034921B /* QuestionNode.h */ = {isa = PBXFileReference; lastKnownFileType = sourcecode.c.h; path = QuestionNode.h; sourceTree = "<group>"; };
		D6146871264250950034921B /* QuestionNode.m */ = {isa = PBXFileReference; lastKnownFileType = sourcecode.c.objc; path = QuestionNode.m; sourceTree = "<group>"; };
		D6146875264250A40034921B /* QuestionTree.h */ = {isa = PBXFileReference; lastKnownFileType = sourcecode.c.h; path = QuestionTree.h; sourceTree = "<group>"; };
		D6146876264250AE0034921B /* QuestionTree.m */ = {isa = PBXFileReference; lastKnownFileType = sourcecode.c.objc; path = QuestionTree.m; sourceTree = "<group>"; };
		D614687A264250BB0034921B /* gamerRunner.h */ = {isa = PBXFileReference; lastKnownFileType = sourcecode.c.h; path = gamerRunner.h; sourceTree = "<group>"; };
		D614687B264250C30034921B /* gameRunner.m */ = {isa = PBXFileReference; lastKnownFileType = sourcecode.c.objc; path = gameRunner.m; sourceTree = "<group>"; };
/* End PBXFileReference section */

/* Begin PBXFrameworksBuildPhase section */
		98996E22264195A5004EDDAA /* Frameworks */ = {
			isa = PBXFrameworksBuildPhase;
			buildActionMask = 2147483647;
			files = (
			);
			runOnlyForDeploymentPostprocessing = 0;
		};
/* End PBXFrameworksBuildPhase section */

/* Begin PBXGroup section */
		98996E1C264195A5004EDDAA = {
			isa = PBXGroup;
			children = (
				98996E27264195A5004EDDAA /* Questions21Game */,
				98996E26264195A5004EDDAA /* Products */,
			);
			sourceTree = "<group>";
		};
		98996E26264195A5004EDDAA /* Products */ = {
			isa = PBXGroup;
			children = (
				98996E25264195A5004EDDAA /* Questions21Game.app */,
			);
			name = Products;
			sourceTree = "<group>";
		};
		98996E27264195A5004EDDAA /* Questions21Game */ = {
			isa = PBXGroup;
			children = (
				98996E28264195A5004EDDAA /* AppDelegate.h */,
				98996E29264195A5004EDDAA /* AppDelegate.m */,
				98996E2B264195A5004EDDAA /* GameScene.sks */,
				98996E2D264195A5004EDDAA /* Actions.sks */,
				D6146870264250850034921B /* QuestionNode.h */,
				D6146871264250950034921B /* QuestionNode.m */,
				D6146875264250A40034921B /* QuestionTree.h */,
				D6146876264250AE0034921B /* QuestionTree.m */,
				D614687A264250BB0034921B /* gamerRunner.h */,
				D614687B264250C30034921B /* gameRunner.m */,
				98996E2F264195A5004EDDAA /* GameScene.h */,
				98996E30264195A5004EDDAA /* GameScene.m */,
				98996E32264195A5004EDDAA /* GameViewController.h */,
				98996E33264195A5004EDDAA /* GameViewController.m */,
				98996E35264195A5004EDDAA /* Main.storyboard */,
				98996E38264195A6004EDDAA /* Assets.xcassets */,
				98996E3A264195A6004EDDAA /* Info.plist */,
				98996E3B264195A6004EDDAA /* main.m */,
			);
			path = Questions21Game;
			sourceTree = "<group>";
		};
/* End PBXGroup section */

/* Begin PBXNativeTarget section */
		98996E24264195A5004EDDAA /* Questions21Game */ = {
			isa = PBXNativeTarget;
			buildConfigurationList = 98996E3F264195A6004EDDAA /* Build configuration list for PBXNativeTarget "Questions21Game" */;
			buildPhases = (
				98996E21264195A5004EDDAA /* Sources */,
				98996E22264195A5004EDDAA /* Frameworks */,
				98996E23264195A5004EDDAA /* Resources */,
			);
			buildRules = (
			);
			dependencies = (
			);
			name = Questions21Game;
			productName = Questions21Game;
			productReference = 98996E25264195A5004EDDAA /* Questions21Game.app */;
			productType = "com.apple.product-type.application";
		};
/* End PBXNativeTarget section */

/* Begin PBXProject section */
		98996E1D264195A5004EDDAA /* Project object */ = {
			isa = PBXProject;
			attributes = {
				LastUpgradeCheck = 1250;
				TargetAttributes = {
					98996E24264195A5004EDDAA = {
						CreatedOnToolsVersion = 12.5;
					};
				};
			};
			buildConfigurationList = 98996E20264195A5004EDDAA /* Build configuration list for PBXProject "Questions21Game" */;
			compatibilityVersion = "Xcode 9.3";
			developmentRegion = en;
			hasScannedForEncodings = 0;
			knownRegions = (
				en,
				Base,
			);
			mainGroup = 98996E1C264195A5004EDDAA;
			productRefGroup = 98996E26264195A5004EDDAA /* Products */;
			projectDirPath = "";
			projectRoot = "";
			targets = (
				98996E24264195A5004EDDAA /* Questions21Game */,
			);
		};
/* End PBXProject section */

/* Begin PBXResourcesBuildPhase section */
		98996E23264195A5004EDDAA /* Resources */ = {
			isa = PBXResourcesBuildPhase;
			buildActionMask = 2147483647;
			files = (
				98996E37264195A5004EDDAA /* Main.storyboard in Resources */,
				98996E2C264195A5004EDDAA /* GameScene.sks in Resources */,
				98996E39264195A6004EDDAA /* Assets.xcassets in Resources */,
				98996E2E264195A5004EDDAA /* Actions.sks in Resources */,
			);
			runOnlyForDeploymentPostprocessing = 0;
		};
/* End PBXResourcesBuildPhase section */

/* Begin PBXSourcesBuildPhase section */
		98996E21264195A5004EDDAA /* Sources */ = {
			isa = PBXSourcesBuildPhase;
			buildActionMask = 2147483647;
			files = (
				D6146872264250950034921B /* QuestionNode.m in Sources */,
				98996E31264195A5004EDDAA /* GameScene.m in Sources */,
				98996E34264195A5004EDDAA /* GameViewController.m in Sources */,
				D6146877264250AE0034921B /* QuestionTree.m in Sources */,
				98996E3C264195A6004EDDAA /* main.m in Sources */,
				98996E2A264195A5004EDDAA /* AppDelegate.m in Sources */,
				D614687C264250C30034921B /* gameRunner.m in Sources */,
			);
			runOnlyForDeploymentPostprocessing = 0;
		};
/* End PBXSourcesBuildPhase section */

/* Begin PBXVariantGroup section */
		98996E35264195A5004EDDAA /* Main.storyboard */ = {
			isa = PBXVariantGroup;
			children = (
				98996E36264195A5004EDDAA /* Base */,
			);
			name = Main.storyboard;
			sourceTree = "<group>";
		};
/* End PBXVariantGroup section */

/* Begin XCBuildConfiguration section */
		98996E3D264195A6004EDDAA /* Debug */ = {
			isa = XCBuildConfiguration;
			buildSettings = {
				ALWAYS_SEARCH_USER_PATHS = NO;
				CLANG_ANALYZER_NONNULL = YES;
				CLANG_ANALYZER_NUMBER_OBJECT_CONVERSION = YES_AGGRESSIVE;
				CLANG_CXX_LANGUAGE_STANDARD = "gnu++14";
				CLANG_CXX_LIBRARY = "libc++";
				CLANG_ENABLE_MODULES = YES;
				CLANG_ENABLE_OBJC_ARC = YES;
				CLANG_ENABLE_OBJC_WEAK = YES;
				CLANG_WARN_BLOCK_CAPTURE_AUTORELEASING = YES;
				CLANG_WARN_BOOL_CONVERSION = YES;
				CLANG_WARN_COMMA = YES;
				CLANG_WARN_CONSTANT_CONVERSION = YES;
				CLANG_WARN_DEPRECATED_OBJC_IMPLEMENTATIONS = YES;
				CLANG_WARN_DIRECT_OBJC_ISA_USAGE = YES_ERROR;
				CLANG_WARN_DOCUMENTATION_COMMENTS = YES;
				CLANG_WARN_EMPTY_BODY = YES;
				CLANG_WARN_ENUM_CONVERSION = YES;
				CLANG_WARN_INFINITE_RECURSION = YES;
				CLANG_WARN_INT_CONVERSION = YES;
				CLANG_WARN_NON_LITERAL_NULL_CONVERSION = YES;
				CLANG_WARN_OBJC_IMPLICIT_RETAIN_SELF = YES;
				CLANG_WARN_OBJC_LITERAL_CONVERSION = YES;
				CLANG_WARN_OBJC_ROOT_CLASS = YES_ERROR;
				CLANG_WARN_QUOTED_INCLUDE_IN_FRAMEWORK_HEADER = YES;
				CLANG_WARN_RANGE_LOOP_ANALYSIS = YES;
				CLANG_WARN_STRICT_PROTOTYPES = YES;
				CLANG_WARN_SUSPICIOUS_MOVE = YES;
				CLANG_WARN_UNGUARDED_AVAILABILITY = YES_AGGRESSIVE;
				CLANG_WARN_UNREACHABLE_CODE = YES;
				CLANG_WARN__DUPLICATE_METHOD_MATCH = YES;
				COPY_PHASE_STRIP = NO;
				DEBUG_INFORMATION_FORMAT = dwarf;
				ENABLE_STRICT_OBJC_MSGSEND = YES;
				ENABLE_TESTABILITY = YES;
				GCC_C_LANGUAGE_STANDARD = gnu11;
				GCC_DYNAMIC_NO_PIC = NO;
				GCC_NO_COMMON_BLOCKS = YES;
				GCC_OPTIMIZATION_LEVEL = 0;
				GCC_PREPROCESSOR_DEFINITIONS = (
					"DEBUG=1",
					"$(inherited)",
				);
				GCC_WARN_64_TO_32_BIT_CONVERSION = YES;
				GCC_WARN_ABOUT_RETURN_TYPE = YES_ERROR;
				GCC_WARN_UNDECLARED_SELECTOR = YES;
				GCC_WARN_UNINITIALIZED_AUTOS = YES_AGGRESSIVE;
				GCC_WARN_UNUSED_FUNCTION = YES;
				GCC_WARN_UNUSED_VARIABLE = YES;
				IPHONEOS_DEPLOYMENT_TARGET = 14.5;
				MTL_ENABLE_DEBUG_INFO = INCLUDE_SOURCE;
				MTL_FAST_MATH = YES;
				ONLY_ACTIVE_ARCH = YES;
				SDKROOT = iphoneos;
			};
			name = Debug;
		};
		98996E3E264195A6004EDDAA /* Release */ = {
			isa = XCBuildConfiguration;
			buildSettings = {
				ALWAYS_SEARCH_USER_PATHS = NO;
				CLANG_ANALYZER_NONNULL = YES;
				CLANG_ANALYZER_NUMBER_OBJECT_CONVERSION = YES_AGGRESSIVE;
				CLANG_CXX_LANGUAGE_STANDARD = "gnu++14";
				CLANG_CXX_LIBRARY = "libc++";
				CLANG_ENABLE_MODULES = YES;
				CLANG_ENABLE_OBJC_ARC = YES;
				CLANG_ENABLE_OBJC_WEAK = YES;
				CLANG_WARN_BLOCK_CAPTURE_AUTORELEASING = YES;
				CLANG_WARN_BOOL_CONVERSION = YES;
				CLANG_WARN_COMMA = YES;
				CLANG_WARN_CONSTANT_CONVERSION = YES;
				CLANG_WARN_DEPRECATED_OBJC_IMPLEMENTATIONS = YES;
				CLANG_WARN_DIRECT_OBJC_ISA_USAGE = YES_ERROR;
				CLANG_WARN_DOCUMENTATION_COMMENTS = YES;
				CLANG_WARN_EMPTY_BODY = YES;
				CLANG_WARN_ENUM_CONVERSION = YES;
				CLANG_WARN_INFINITE_RECURSION = YES;
				CLANG_WARN_INT_CONVERSION = YES;
				CLANG_WARN_NON_LITERAL_NULL_CONVERSION = YES;
				CLANG_WARN_OBJC_IMPLICIT_RETAIN_SELF = YES;
				CLANG_WARN_OBJC_LITERAL_CONVERSION = YES;
				CLANG_WARN_OBJC_ROOT_CLASS = YES_ERROR;
				CLANG_WARN_QUOTED_INCLUDE_IN_FRAMEWORK_HEADER = YES;
				CLANG_WARN_RANGE_LOOP_ANALYSIS = YES;
				CLANG_WARN_STRICT_PROTOTYPES = YES;
				CLANG_WARN_SUSPICIOUS_MOVE = YES;
				CLANG_WARN_UNGUARDED_AVAILABILITY = YES_AGGRESSIVE;
				CLANG_WARN_UNREACHABLE_CODE = YES;
				CLANG_WARN__DUPLICATE_METHOD_MATCH = YES;
				COPY_PHASE_STRIP = NO;
				DEBUG_INFORMATION_FORMAT = "dwarf-with-dsym";
				ENABLE_NS_ASSERTIONS = NO;
				ENABLE_STRICT_OBJC_MSGSEND = YES;
				GCC_C_LANGUAGE_STANDARD = gnu11;
				GCC_NO_COMMON_BLOCKS = YES;
				GCC_WARN_64_TO_32_BIT_CONVERSION = YES;
				GCC_WARN_ABOUT_RETURN_TYPE = YES_ERROR;
				GCC_WARN_UNDECLARED_SELECTOR = YES;
				GCC_WARN_UNINITIALIZED_AUTOS = YES_AGGRESSIVE;
				GCC_WARN_UNUSED_FUNCTION = YES;
				GCC_WARN_UNUSED_VARIABLE = YES;
				IPHONEOS_DEPLOYMENT_TARGET = 14.5;
				MTL_ENABLE_DEBUG_INFO = NO;
				MTL_FAST_MATH = YES;
				SDKROOT = iphoneos;
				VALIDATE_PRODUCT = YES;
			};
			name = Release;
		};
		98996E40264195A6004EDDAA /* Debug */ = {
			isa = XCBuildConfiguration;
			buildSettings = {
				ASSETCATALOG_COMPILER_APPICON_NAME = AppIcon;
				ASSETCATALOG_COMPILER_GLOBAL_ACCENT_COLOR_NAME = AccentColor;
				CODE_SIGN_STYLE = Automatic;
				DEVELOPMENT_TEAM = V3VXKS6M8P;
				INFOPLIST_FILE = Questions21Game/Info.plist;
				LD_RUNPATH_SEARCH_PATHS = (
					"$(inherited)",
					"@executable_path/Frameworks",
				);
				PRODUCT_BUNDLE_IDENTIFIER = RosnelLeyva.Questions21Game;
				PRODUCT_NAME = "$(TARGET_NAME)";
				TARGETED_DEVICE_FAMILY = "1,2";
			};
			name = Debug;
		};
		98996E41264195A6004EDDAA /* Release */ = {
			isa = XCBuildConfiguration;
			buildSettings = {
				ASSETCATALOG_COMPILER_APPICON_NAME = AppIcon;
				ASSETCATALOG_COMPILER_GLOBAL_ACCENT_COLOR_NAME = AccentColor;
				CODE_SIGN_STYLE = Automatic;
				DEVELOPMENT_TEAM = V3VXKS6M8P;
				INFOPLIST_FILE = Questions21Game/Info.plist;
				LD_RUNPATH_SEARCH_PATHS = (
					"$(inherited)",
					"@executable_path/Frameworks",
				);
				PRODUCT_BUNDLE_IDENTIFIER = RosnelLeyva.Questions21Game;
				PRODUCT_NAME = "$(TARGET_NAME)";
				TARGETED_DEVICE_FAMILY = "1,2";
			};
			name = Release;
		};
/* End XCBuildConfiguration section */

/* Begin XCConfigurationList section */
		98996E20264195A5004EDDAA /* Build configuration list for PBXProject "Questions21Game" */ = {
			isa = XCConfigurationList;
			buildConfigurations = (
				98996E3D264195A6004EDDAA /* Debug */,
				98996E3E264195A6004EDDAA /* Release */,
			);
			defaultConfigurationIsVisible = 0;
			defaultConfigurationName = Release;
		};
		98996E3F264195A6004EDDAA /* Build configuration list for PBXNativeTarget "Questions21Game" */ = {
			isa = XCConfigurationList;
			buildConfigurations = (
				98996E40264195A6004EDDAA /* Debug */,
				98996E41264195A6004EDDAA /* Release */,
			);
			defaultConfigurationIsVisible = 0;
			defaultConfigurationName = Release;
		};
/* End XCConfigurationList section */
	};
	rootObject = 98996E1D264195A5004EDDAA /* Project object */;
}
